<?xml version="1.0" encoding="utf-8"?>
<Project ToolsVersion="17.0" xmlns="http://schemas.microsoft.com/developer/msbuild/2003">
  <ItemGroup>
    <CustomBuild Include="C:\Users\drago\CLionProjects\UnityAnalysisCLI\CMakeFiles\3b09483eafbc1c0cc0f054dc2587a6b4\Continuous.rule">
      <Filter>CMake Rules</Filter>
    </CustomBuild>
    <CustomBuild Include="C:\Users\drago\CLionProjects\UnityAnalysisCLI\libs\yaml-cpp-0.8.0\CMakeLists.txt" />
  </ItemGroup>
  <ItemGroup>
    <None Include="C:\Users\drago\CLionProjects\UnityAnalysisCLI\libs\yaml-cpp-0.8.0\CMakeFiles\Continuous" />
  </ItemGroup>
  <ItemGroup>
    <Filter Include="CMake Rules">
      <UniqueIdentifier>{EAC5E89C-BFA5-338A-B439-7B79AA10A33B}</UniqueIdentifier>
    </Filter>
  </ItemGroup>
</Project>
