
Microsoft Visual Studio Solution File, Format Version 12.00
# Visual Studio Version 17
Project("{2150E333-8FDC-42A3-9474-1A3956D46DE8}") = "CMakePredefinedTargets", "CMakePredefinedTargets", "{79D9EDDD-AC46-3433-9FE5-FC4F79100417}"
EndProject
Project("{2150E333-8FDC-42A3-9474-1A3956D46DE8}") = "CTestDashboardTargets", "CTestDashboardTargets", "{2641AC33-4AB3-3FBD-833A-ABA1FF2EE3CE}"
EndProject
Project("{8BC9CEB8-8B4A-11D0-8D11-00A0C91BC942}") = "ALL_BUILD", "ALL_BUILD.vcxproj", "{AD5C9A87-0A69-32C5-9B8A-C5BB999B761F}"
	ProjectSection(ProjectDependencies) = postProject
		{12DF5C4E-F66E-3083-B3EA-678267D1976E} = {12DF5C4E-F66E-3083-B3EA-678267D1976E}
		{63EA8942-603D-3724-8F17-C8BF2EC4D158} = {63EA8942-603D-3724-8F17-C8BF2EC4D158}
		{68E32C00-E096-3C81-A939-D3BBB1A61498} = {68E32C00-E096-3C81-A939-D3BBB1A61498}
		{EC0ED971-7FFB-3FBC-8677-59CAC9976825} = {EC0ED971-7FFB-3FBC-8677-59CAC9976825}
		{02C516CB-E429-333C-9DAD-4604590877AC} = {02C516CB-E429-333C-9DAD-4604590877AC}
	EndProjectSection
EndProject
Project("{8BC9CEB8-8B4A-11D0-8D11-00A0C91BC942}") = "Continuous", "Continuous.vcxproj", "{F290C04A-88B4-3D7E-97B3-33984AB281AC}"
	ProjectSection(ProjectDependencies) = postProject
		{12DF5C4E-F66E-3083-B3EA-678267D1976E} = {12DF5C4E-F66E-3083-B3EA-678267D1976E}
	EndProjectSection
EndProject
Project("{8BC9CEB8-8B4A-11D0-8D11-00A0C91BC942}") = "Experimental", "Experimental.vcxproj", "{B13CE009-85D2-3689-ADE5-6646241A8EA5}"
	ProjectSection(ProjectDependencies) = postProject
		{12DF5C4E-F66E-3083-B3EA-678267D1976E} = {12DF5C4E-F66E-3083-B3EA-678267D1976E}
	EndProjectSection
EndProject
Project("{8BC9CEB8-8B4A-11D0-8D11-00A0C91BC942}") = "Nightly", "Nightly.vcxproj", "{F46826A1-6A05-3C07-BC64-32F946744E6B}"
	ProjectSection(ProjectDependencies) = postProject
		{12DF5C4E-F66E-3083-B3EA-678267D1976E} = {12DF5C4E-F66E-3083-B3EA-678267D1976E}
	EndProjectSection
EndProject
Project("{8BC9CEB8-8B4A-11D0-8D11-00A0C91BC942}") = "NightlyMemoryCheck", "NightlyMemoryCheck.vcxproj", "{405B7655-2162-3D45-987F-1988FE2A91F2}"
	ProjectSection(ProjectDependencies) = postProject
		{12DF5C4E-F66E-3083-B3EA-678267D1976E} = {12DF5C4E-F66E-3083-B3EA-678267D1976E}
	EndProjectSection
EndProject
Project("{8BC9CEB8-8B4A-11D0-8D11-00A0C91BC942}") = "ZERO_CHECK", "..\..\\ZERO_CHECK.vcxproj", "{12DF5C4E-F66E-3083-B3EA-678267D1976E}"
	ProjectSection(ProjectDependencies) = postProject
	EndProjectSection
EndProject
Project("{8BC9CEB8-8B4A-11D0-8D11-00A0C91BC942}") = "uninstall", "uninstall.vcxproj", "{64EC4596-7F93-3FB2-913A-55BDC679B642}"
	ProjectSection(ProjectDependencies) = postProject
		{12DF5C4E-F66E-3083-B3EA-678267D1976E} = {12DF5C4E-F66E-3083-B3EA-678267D1976E}
	EndProjectSection
EndProject
Project("{8BC9CEB8-8B4A-11D0-8D11-00A0C91BC942}") = "yaml-cpp", "yaml-cpp.vcxproj", "{63EA8942-603D-3724-8F17-C8BF2EC4D158}"
	ProjectSection(ProjectDependencies) = postProject
		{12DF5C4E-F66E-3083-B3EA-678267D1976E} = {12DF5C4E-F66E-3083-B3EA-678267D1976E}
	EndProjectSection
EndProject
Project("{8BC9CEB8-8B4A-11D0-8D11-00A0C91BC942}") = "yaml-cpp-parse", "util\yaml-cpp-parse.vcxproj", "{68E32C00-E096-3C81-A939-D3BBB1A61498}"
	ProjectSection(ProjectDependencies) = postProject
		{12DF5C4E-F66E-3083-B3EA-678267D1976E} = {12DF5C4E-F66E-3083-B3EA-678267D1976E}
		{63EA8942-603D-3724-8F17-C8BF2EC4D158} = {63EA8942-603D-3724-8F17-C8BF2EC4D158}
	EndProjectSection
EndProject
Project("{8BC9CEB8-8B4A-11D0-8D11-00A0C91BC942}") = "yaml-cpp-read", "util\yaml-cpp-read.vcxproj", "{EC0ED971-7FFB-3FBC-8677-59CAC9976825}"
	ProjectSection(ProjectDependencies) = postProject
		{12DF5C4E-F66E-3083-B3EA-678267D1976E} = {12DF5C4E-F66E-3083-B3EA-678267D1976E}
		{63EA8942-603D-3724-8F17-C8BF2EC4D158} = {63EA8942-603D-3724-8F17-C8BF2EC4D158}
	EndProjectSection
EndProject
Project("{8BC9CEB8-8B4A-11D0-8D11-00A0C91BC942}") = "yaml-cpp-sandbox", "util\yaml-cpp-sandbox.vcxproj", "{02C516CB-E429-333C-9DAD-4604590877AC}"
	ProjectSection(ProjectDependencies) = postProject
		{12DF5C4E-F66E-3083-B3EA-678267D1976E} = {12DF5C4E-F66E-3083-B3EA-678267D1976E}
		{63EA8942-603D-3724-8F17-C8BF2EC4D158} = {63EA8942-603D-3724-8F17-C8BF2EC4D158}
	EndProjectSection
EndProject
Global
	GlobalSection(SolutionConfigurationPlatforms) = preSolution
		Debug|x64 = Debug|x64
		Release|x64 = Release|x64
		MinSizeRel|x64 = MinSizeRel|x64
		RelWithDebInfo|x64 = RelWithDebInfo|x64
	EndGlobalSection
	GlobalSection(ProjectConfigurationPlatforms) = postSolution
		{AD5C9A87-0A69-32C5-9B8A-C5BB999B761F}.Debug|x64.ActiveCfg = Debug|x64
		{AD5C9A87-0A69-32C5-9B8A-C5BB999B761F}.Release|x64.ActiveCfg = Release|x64
		{AD5C9A87-0A69-32C5-9B8A-C5BB999B761F}.MinSizeRel|x64.ActiveCfg = MinSizeRel|x64
		{AD5C9A87-0A69-32C5-9B8A-C5BB999B761F}.RelWithDebInfo|x64.ActiveCfg = RelWithDebInfo|x64
		{F290C04A-88B4-3D7E-97B3-33984AB281AC}.Debug|x64.ActiveCfg = Debug|x64
		{F290C04A-88B4-3D7E-97B3-33984AB281AC}.Release|x64.ActiveCfg = Release|x64
		{F290C04A-88B4-3D7E-97B3-33984AB281AC}.MinSizeRel|x64.ActiveCfg = MinSizeRel|x64
		{F290C04A-88B4-3D7E-97B3-33984AB281AC}.RelWithDebInfo|x64.ActiveCfg = RelWithDebInfo|x64
		{B13CE009-85D2-3689-ADE5-6646241A8EA5}.Debug|x64.ActiveCfg = Debug|x64
		{B13CE009-85D2-3689-ADE5-6646241A8EA5}.Release|x64.ActiveCfg = Release|x64
		{B13CE009-85D2-3689-ADE5-6646241A8EA5}.MinSizeRel|x64.ActiveCfg = MinSizeRel|x64
		{B13CE009-85D2-3689-ADE5-6646241A8EA5}.RelWithDebInfo|x64.ActiveCfg = RelWithDebInfo|x64
		{F46826A1-6A05-3C07-BC64-32F946744E6B}.Debug|x64.ActiveCfg = Debug|x64
		{F46826A1-6A05-3C07-BC64-32F946744E6B}.Release|x64.ActiveCfg = Release|x64
		{F46826A1-6A05-3C07-BC64-32F946744E6B}.MinSizeRel|x64.ActiveCfg = MinSizeRel|x64
		{F46826A1-6A05-3C07-BC64-32F946744E6B}.RelWithDebInfo|x64.ActiveCfg = RelWithDebInfo|x64
		{405B7655-2162-3D45-987F-1988FE2A91F2}.Debug|x64.ActiveCfg = Debug|x64
		{405B7655-2162-3D45-987F-1988FE2A91F2}.Release|x64.ActiveCfg = Release|x64
		{405B7655-2162-3D45-987F-1988FE2A91F2}.MinSizeRel|x64.ActiveCfg = MinSizeRel|x64
		{405B7655-2162-3D45-987F-1988FE2A91F2}.RelWithDebInfo|x64.ActiveCfg = RelWithDebInfo|x64
		{12DF5C4E-F66E-3083-B3EA-678267D1976E}.Debug|x64.ActiveCfg = Debug|x64
		{12DF5C4E-F66E-3083-B3EA-678267D1976E}.Debug|x64.Build.0 = Debug|x64
		{12DF5C4E-F66E-3083-B3EA-678267D1976E}.Release|x64.ActiveCfg = Release|x64
		{12DF5C4E-F66E-3083-B3EA-678267D1976E}.Release|x64.Build.0 = Release|x64
		{12DF5C4E-F66E-3083-B3EA-678267D1976E}.MinSizeRel|x64.ActiveCfg = MinSizeRel|x64
		{12DF5C4E-F66E-3083-B3EA-678267D1976E}.MinSizeRel|x64.Build.0 = MinSizeRel|x64
		{12DF5C4E-F66E-3083-B3EA-678267D1976E}.RelWithDebInfo|x64.ActiveCfg = RelWithDebInfo|x64
		{12DF5C4E-F66E-3083-B3EA-678267D1976E}.RelWithDebInfo|x64.Build.0 = RelWithDebInfo|x64
		{64EC4596-7F93-3FB2-913A-55BDC679B642}.Debug|x64.ActiveCfg = Debug|x64
		{64EC4596-7F93-3FB2-913A-55BDC679B642}.Release|x64.ActiveCfg = Release|x64
		{64EC4596-7F93-3FB2-913A-55BDC679B642}.MinSizeRel|x64.ActiveCfg = MinSizeRel|x64
		{64EC4596-7F93-3FB2-913A-55BDC679B642}.RelWithDebInfo|x64.ActiveCfg = RelWithDebInfo|x64
		{63EA8942-603D-3724-8F17-C8BF2EC4D158}.Debug|x64.ActiveCfg = Debug|x64
		{63EA8942-603D-3724-8F17-C8BF2EC4D158}.Debug|x64.Build.0 = Debug|x64
		{63EA8942-603D-3724-8F17-C8BF2EC4D158}.Release|x64.ActiveCfg = Release|x64
		{63EA8942-603D-3724-8F17-C8BF2EC4D158}.Release|x64.Build.0 = Release|x64
		{63EA8942-603D-3724-8F17-C8BF2EC4D158}.MinSizeRel|x64.ActiveCfg = MinSizeRel|x64
		{63EA8942-603D-3724-8F17-C8BF2EC4D158}.MinSizeRel|x64.Build.0 = MinSizeRel|x64
		{63EA8942-603D-3724-8F17-C8BF2EC4D158}.RelWithDebInfo|x64.ActiveCfg = RelWithDebInfo|x64
		{63EA8942-603D-3724-8F17-C8BF2EC4D158}.RelWithDebInfo|x64.Build.0 = RelWithDebInfo|x64
		{68E32C00-E096-3C81-A939-D3BBB1A61498}.Debug|x64.ActiveCfg = Debug|x64
		{68E32C00-E096-3C81-A939-D3BBB1A61498}.Debug|x64.Build.0 = Debug|x64
		{68E32C00-E096-3C81-A939-D3BBB1A61498}.Release|x64.ActiveCfg = Release|x64
		{68E32C00-E096-3C81-A939-D3BBB1A61498}.Release|x64.Build.0 = Release|x64
		{68E32C00-E096-3C81-A939-D3BBB1A61498}.MinSizeRel|x64.ActiveCfg = MinSizeRel|x64
		{68E32C00-E096-3C81-A939-D3BBB1A61498}.MinSizeRel|x64.Build.0 = MinSizeRel|x64
		{68E32C00-E096-3C81-A939-D3BBB1A61498}.RelWithDebInfo|x64.ActiveCfg = RelWithDebInfo|x64
		{68E32C00-E096-3C81-A939-D3BBB1A61498}.RelWithDebInfo|x64.Build.0 = RelWithDebInfo|x64
		{EC0ED971-7FFB-3FBC-8677-59CAC9976825}.Debug|x64.ActiveCfg = Debug|x64
		{EC0ED971-7FFB-3FBC-8677-59CAC9976825}.Debug|x64.Build.0 = Debug|x64
		{EC0ED971-7FFB-3FBC-8677-59CAC9976825}.Release|x64.ActiveCfg = Release|x64
		{EC0ED971-7FFB-3FBC-8677-59CAC9976825}.Release|x64.Build.0 = Release|x64
		{EC0ED971-7FFB-3FBC-8677-59CAC9976825}.MinSizeRel|x64.ActiveCfg = MinSizeRel|x64
		{EC0ED971-7FFB-3FBC-8677-59CAC9976825}.MinSizeRel|x64.Build.0 = MinSizeRel|x64
		{EC0ED971-7FFB-3FBC-8677-59CAC9976825}.RelWithDebInfo|x64.ActiveCfg = RelWithDebInfo|x64
		{EC0ED971-7FFB-3FBC-8677-59CAC9976825}.RelWithDebInfo|x64.Build.0 = RelWithDebInfo|x64
		{02C516CB-E429-333C-9DAD-4604590877AC}.Debug|x64.ActiveCfg = Debug|x64
		{02C516CB-E429-333C-9DAD-4604590877AC}.Debug|x64.Build.0 = Debug|x64
		{02C516CB-E429-333C-9DAD-4604590877AC}.Release|x64.ActiveCfg = Release|x64
		{02C516CB-E429-333C-9DAD-4604590877AC}.Release|x64.Build.0 = Release|x64
		{02C516CB-E429-333C-9DAD-4604590877AC}.MinSizeRel|x64.ActiveCfg = MinSizeRel|x64
		{02C516CB-E429-333C-9DAD-4604590877AC}.MinSizeRel|x64.Build.0 = MinSizeRel|x64
		{02C516CB-E429-333C-9DAD-4604590877AC}.RelWithDebInfo|x64.ActiveCfg = RelWithDebInfo|x64
		{02C516CB-E429-333C-9DAD-4604590877AC}.RelWithDebInfo|x64.Build.0 = RelWithDebInfo|x64
	EndGlobalSection
	GlobalSection(NestedProjects) = preSolution
		{AD5C9A87-0A69-32C5-9B8A-C5BB999B761F} = {79D9EDDD-AC46-3433-9FE5-FC4F79100417}
		{12DF5C4E-F66E-3083-B3EA-678267D1976E} = {79D9EDDD-AC46-3433-9FE5-FC4F79100417}
		{F290C04A-88B4-3D7E-97B3-33984AB281AC} = {2641AC33-4AB3-3FBD-833A-ABA1FF2EE3CE}
		{B13CE009-85D2-3689-ADE5-6646241A8EA5} = {2641AC33-4AB3-3FBD-833A-ABA1FF2EE3CE}
		{F46826A1-6A05-3C07-BC64-32F946744E6B} = {2641AC33-4AB3-3FBD-833A-ABA1FF2EE3CE}
		{405B7655-2162-3D45-987F-1988FE2A91F2} = {2641AC33-4AB3-3FBD-833A-ABA1FF2EE3CE}
	EndGlobalSection
	GlobalSection(ExtensibilityGlobals) = postSolution
		SolutionGuid = {7B161F00-FA64-367F-9983-3DDD328E9521}
	EndGlobalSection
	GlobalSection(ExtensibilityAddIns) = postSolution
	EndGlobalSection
EndGlobal
